// !$*UTF8*$!
{
	archiveVersion = 1;
	classes = {
	};
	objectVersion = 48;
	objects = {

/* Begin PBXBuildFile section */
		A935A303206C848600E4594A /* main.m in Sources */ = {isa = PBXBuildFile; fileRef = A935A302206C848600E4594A /* main.m */; };
		A935A30B206C86E800E4594A /* Account.m in Sources */ = {isa = PBXBuildFile; fileRef = A935A30A206C86E800E4594A /* Account.m */; };
		A935A30E206C872A00E4594A /* FavoriteProgrammingLanguage.m in Sources */ = {isa = PBXBuildFile; fileRef = A935A30D206C872A00E4594A /* FavoriteProgrammingLanguage.m */; };
/* End PBXBuildFile section */

/* Begin PBXCopyFilesBuildPhase section */
		A935A2FD206C848600E4594A /* CopyFiles */ = {
			isa = PBXCopyFilesBuildPhase;
			buildActionMask = 2147483647;
			dstPath = /usr/share/man/man1/;
			dstSubfolderSpec = 0;
			files = (
			);
			runOnlyForDeploymentPostprocessing = 1;
		};
/* End PBXCopyFilesBuildPhase section */

/* Begin PBXFileReference section */
		A935A2FF206C848600E4594A /* miyashita-1.1.5 */ = {isa = PBXFileReference; explicitFileType = "compiled.mach-o.executable"; includeInIndex = 0; path = "miyashita-1.1.5"; sourceTree = BUILT_PRODUCTS_DIR; };
		A935A302206C848600E4594A /* main.m */ = {isa = PBXFileReference; lastKnownFileType = sourcecode.c.objc; path = main.m; sourceTree = "<group>"; };
		A935A309206C86E800E4594A /* Account.h */ = {isa = PBXFileReference; lastKnownFileType = sourcecode.c.h; path = Account.h; sourceTree = "<group>"; };
		A935A30A206C86E800E4594A /* Account.m */ = {isa = PBXFileReference; lastKnownFileType = sourcecode.c.objc; path = Account.m; sourceTree = "<group>"; };
		A935A30C206C872A00E4594A /* FavoriteProgrammingLanguage.h */ = {isa = PBXFileReference; lastKnownFileType = sourcecode.c.h; path = FavoriteProgrammingLanguage.h; sourceTree = "<group>"; };
		A935A30D206C872A00E4594A /* FavoriteProgrammingLanguage.m */ = {isa = PBXFileReference; lastKnownFileType = sourcecode.c.objc; path = FavoriteProgrammingLanguage.m; sourceTree = "<group>"; };
		A935A30F206C8CD100E4594A /* main.h */ = {isa = PBXFileReference; lastKnownFileType = sourcecode.c.h; path = main.h; sourceTree = "<group>"; };
/* End PBXFileReference section */

/* Begin PBXFrameworksBuildPhase section */
		A935A2FC206C848600E4594A /* Frameworks */ = {
			isa = PBXFrameworksBuildPhase;
			buildActionMask = 2147483647;
			files = (
			);
			runOnlyForDeploymentPostprocessing = 0;
		};
/* End PBXFrameworksBuildPhase section */

/* Begin PBXGroup section */
		A935A2F6206C848600E4594A = {
			isa = PBXGroup;
			children = (
				A935A301206C848600E4594A /* miyashita-1.1.5 */,
				A935A300206C848600E4594A /* Products */,
			);
			sourceTree = "<group>";
		};
		A935A300206C848600E4594A /* Products */ = {
			isa = PBXGroup;
			children = (
				A935A2FF206C848600E4594A /* miyashita-1.1.5 */,
			);
			name = Products;
			sourceTree = "<group>";
		};
		A935A301206C848600E4594A /* miyashita-1.1.5 */ = {
			isa = PBXGroup;
			children = (
				A935A30F206C8CD100E4594A /* main.h */,
				A935A302206C848600E4594A /* main.m */,
				A935A309206C86E800E4594A /* Account.h */,
				A935A30A206C86E800E4594A /* Account.m */,
				A935A30C206C872A00E4594A /* FavoriteProgrammingLanguage.h */,
				A935A30D206C872A00E4594A /* FavoriteProgrammingLanguage.m */,
			);
			path = "miyashita-1.1.5";
			sourceTree = "<group>";
		};
/* End PBXGroup section */

/* Begin PBXNativeTarget section */
		A935A2FE206C848600E4594A /* miyashita-1.1.5 */ = {
			isa = PBXNativeTarget;
			buildConfigurationList = A935A306206C848600E4594A /* Build configuration list for PBXNativeTarget "miyashita-1.1.5" */;
			buildPhases = (
				A935A2FB206C848600E4594A /* Sources */,
				A935A2FC206C848600E4594A /* Frameworks */,
				A935A2FD206C848600E4594A /* CopyFiles */,
			);
			buildRules = (
			);
			dependencies = (
			);
			name = "miyashita-1.1.5";
			productName = "miyashita-1.1.5";
			productReference = A935A2FF206C848600E4594A /* miyashita-1.1.5 */;
			productType = "com.apple.product-type.tool";
		};
/* End PBXNativeTarget section */

/* Begin PBXProject section */
		A935A2F7206C848600E4594A /* Project object */ = {
			isa = PBXProject;
			attributes = {
				LastUpgradeCheck = 0920;
				ORGANIZATIONNAME = Ryosuke_Miyashita;
				TargetAttributes = {
					A935A2FE206C848600E4594A = {
						CreatedOnToolsVersion = 9.2;
						ProvisioningStyle = Automatic;
					};
				};
			};
			buildConfigurationList = A935A2FA206C848600E4594A /* Build configuration list for PBXProject "miyashita-1.1.5" */;
			compatibilityVersion = "Xcode 8.0";
			developmentRegion = en;
			hasScannedForEncodings = 0;
			knownRegions = (
				en,
			);
			mainGroup = A935A2F6206C848600E4594A;
			productRefGroup = A935A300206C848600E4594A /* Products */;
			projectDirPath = "";
			projectRoot = "";
			targets = (
				A935A2FE206C848600E4594A /* miyashita-1.1.5 */,
			);
		};
/* End PBXProject section */

/* Begin PBXSourcesBuildPhase section */
		A935A2FB206C848600E4594A /* Sources */ = {
			isa = PBXSourcesBuildPhase;
			buildActionMask = 2147483647;
			files = (
				A935A303206C848600E4594A /* main.m in Sources */,
				A935A30B206C86E800E4594A /* Account.m in Sources */,
				A935A30E206C872A00E4594A /* FavoriteProgrammingLanguage.m in Sources */,
			);
			runOnlyForDeploymentPostprocessing = 0;
		};
/* End PBXSourcesBuildPhase section */

/* Begin XCBuildConfiguration section */
		A935A304206C848600E4594A /* Debug */ = {
			isa = XCBuildConfiguration;
			buildSettings = {
				ALWAYS_SEARCH_USER_PATHS = NO;
				CLANG_ANALYZER_NONNULL = YES;
				CLANG_ANALYZER_NUMBER_OBJECT_CONVERSION = YES_AGGRESSIVE;
				CLANG_CXX_LANGUAGE_STANDARD = "gnu++14";
				CLANG_CXX_LIBRARY = "libc++";
				CLANG_ENABLE_MODULES = YES;
				CLANG_ENABLE_OBJC_ARC = YES;
				CLANG_WARN_BLOCK_CAPTURE_AUTORELEASING = YES;
				CLANG_WARN_BOOL_CONVERSION = YES;
				CLANG_WARN_COMMA = YES;
				CLANG_WARN_CONSTANT_CONVERSION = YES;
				CLANG_WARN_DIRECT_OBJC_ISA_USAGE = YES_ERROR;
				CLANG_WARN_DOCUMENTATION_COMMENTS = YES;
				CLANG_WARN_EMPTY_BODY = YES;
				CLANG_WARN_ENUM_CONVERSION = YES;
				CLANG_WARN_INFINITE_RECURSION = YES;
				CLANG_WARN_INT_CONVERSION = YES;
				CLANG_WARN_NON_LITERAL_NULL_CONVERSION = YES;
				CLANG_WARN_OBJC_LITERAL_CONVERSION = YES;
				CLANG_WARN_OBJC_ROOT_CLASS = YES_ERROR;
				CLANG_WARN_RANGE_LOOP_ANALYSIS = YES;
				CLANG_WARN_STRICT_PROTOTYPES = YES;
				CLANG_WARN_SUSPICIOUS_MOVE = YES;
				CLANG_WARN_UNGUARDED_AVAILABILITY = YES_AGGRESSIVE;
				CLANG_WARN_UNREACHABLE_CODE = YES;
				CLANG_WARN__DUPLICATE_METHOD_MATCH = YES;
				CODE_SIGN_IDENTITY = "-";
				COPY_PHASE_STRIP = NO;
				DEBUG_INFORMATION_FORMAT = dwarf;
				ENABLE_STRICT_OBJC_MSGSEND = YES;
				ENABLE_TESTABILITY = YES;
				GCC_C_LANGUAGE_STANDARD = gnu11;
				GCC_DYNAMIC_NO_PIC = NO;
				GCC_NO_COMMON_BLOCKS = YES;
				GCC_OPTIMIZATION_LEVEL = 0;
				GCC_PREPROCESSOR_DEFINITIONS = (
					"DEBUG=1",
					"$(inherited)",
				);
				GCC_WARN_64_TO_32_BIT_CONVERSION = YES;
				GCC_WARN_ABOUT_RETURN_TYPE = YES_ERROR;
				GCC_WARN_UNDECLARED_SELECTOR = YES;
				GCC_WARN_UNINITIALIZED_AUTOS = YES_AGGRESSIVE;
				GCC_WARN_UNUSED_FUNCTION = YES;
				GCC_WARN_UNUSED_VARIABLE = YES;
				MACOSX_DEPLOYMENT_TARGET = 10.13;
				MTL_ENABLE_DEBUG_INFO = YES;
				ONLY_ACTIVE_ARCH = YES;
				SDKROOT = macosx;
			};
			name = Debug;
		};
		A935A305206C848600E4594A /* Release */ = {
			isa = XCBuildConfiguration;
			buildSettings = {
				ALWAYS_SEARCH_USER_PATHS = NO;
				CLANG_ANALYZER_NONNULL = YES;
				CLANG_ANALYZER_NUMBER_OBJECT_CONVERSION = YES_AGGRESSIVE;
				CLANG_CXX_LANGUAGE_STANDARD = "gnu++14";
				CLANG_CXX_LIBRARY = "libc++";
				CLANG_ENABLE_MODULES = YES;
				CLANG_ENABLE_OBJC_ARC = YES;
				CLANG_WARN_BLOCK_CAPTURE_AUTORELEASING = YES;
				CLANG_WARN_BOOL_CONVERSION = YES;
				CLANG_WARN_COMMA = YES;
				CLANG_WARN_CONSTANT_CONVERSION = YES;
				CLANG_WARN_DIRECT_OBJC_ISA_USAGE = YES_ERROR;
				CLANG_WARN_DOCUMENTATION_COMMENTS = YES;
				CLANG_WARN_EMPTY_BODY = YES;
				CLANG_WARN_ENUM_CONVERSION = YES;
				CLANG_WARN_INFINITE_RECURSION = YES;
				CLANG_WARN_INT_CONVERSION = YES;
				CLANG_WARN_NON_LITERAL_NULL_CONVERSION = YES;
				CLANG_WARN_OBJC_LITERAL_CONVERSION = YES;
				CLANG_WARN_OBJC_ROOT_CLASS = YES_ERROR;
				CLANG_WARN_RANGE_LOOP_ANALYSIS = YES;
				CLANG_WARN_STRICT_PROTOTYPES = YES;
				CLANG_WARN_SUSPICIOUS_MOVE = YES;
				CLANG_WARN_UNGUARDED_AVAILABILITY = YES_AGGRESSIVE;
				CLANG_WARN_UNREACHABLE_CODE = YES;
				CLANG_WARN__DUPLICATE_METHOD_MATCH = YES;
				CODE_SIGN_IDENTITY = "-";
				COPY_PHASE_STRIP = NO;
				DEBUG_INFORMATION_FORMAT = "dwarf-with-dsym";
				ENABLE_NS_ASSERTIONS = NO;
				ENABLE_STRICT_OBJC_MSGSEND = YES;
				GCC_C_LANGUAGE_STANDARD = gnu11;
				GCC_NO_COMMON_BLOCKS = YES;
				GCC_WARN_64_TO_32_BIT_CONVERSION = YES;
				GCC_WARN_ABOUT_RETURN_TYPE = YES_ERROR;
				GCC_WARN_UNDECLARED_SELECTOR = YES;
				GCC_WARN_UNINITIALIZED_AUTOS = YES_AGGRESSIVE;
				GCC_WARN_UNUSED_FUNCTION = YES;
				GCC_WARN_UNUSED_VARIABLE = YES;
				MACOSX_DEPLOYMENT_TARGET = 10.13;
				MTL_ENABLE_DEBUG_INFO = NO;
				SDKROOT = macosx;
			};
			name = Release;
		};
		A935A307206C848600E4594A /* Debug */ = {
			isa = XCBuildConfiguration;
			buildSettings = {
				CODE_SIGN_STYLE = Automatic;
				PRODUCT_NAME = "$(TARGET_NAME)";
			};
			name = Debug;
		};
		A935A308206C848600E4594A /* Release */ = {
			isa = XCBuildConfiguration;
			buildSettings = {
				CODE_SIGN_STYLE = Automatic;
				PRODUCT_NAME = "$(TARGET_NAME)";
			};
			name = Release;
		};
/* End XCBuildConfiguration section */

/* Begin XCConfigurationList section */
		A935A2FA206C848600E4594A /* Build configuration list for PBXProject "miyashita-1.1.5" */ = {
			isa = XCConfigurationList;
			buildConfigurations = (
				A935A304206C848600E4594A /* Debug */,
				A935A305206C848600E4594A /* Release */,
			);
			defaultConfigurationIsVisible = 0;
			defaultConfigurationName = Release;
		};
		A935A306206C848600E4594A /* Build configuration list for PBXNativeTarget "miyashita-1.1.5" */ = {
			isa = XCConfigurationList;
			buildConfigurations = (
				A935A307206C848600E4594A /* Debug */,
				A935A308206C848600E4594A /* Release */,
			);
			defaultConfigurationIsVisible = 0;
			defaultConfigurationName = Release;
		};
/* End XCConfigurationList section */
	};
	rootObject = A935A2F7206C848600E4594A /* Project object */;
}
