// !$*UTF8*$!
{
	archiveVersion = 1;
	classes = {
	};
	objectVersion = 48;
	objects = {

/* Begin PBXBuildFile section */
		A9616A1C20633AB8003664AA /* AppDelegate.m in Sources */ = {isa = PBXBuildFile; fileRef = A9616A1B20633AB8003664AA /* AppDelegate.m */; };
		A9616A2220633AB8003664AA /* Main.storyboard in Resources */ = {isa = PBXBuildFile; fileRef = A9616A2020633AB8003664AA /* Main.storyboard */; };
		A9616A2720633AB8003664AA /* LaunchScreen.storyboard in Resources */ = {isa = PBXBuildFile; fileRef = A9616A2520633AB8003664AA /* LaunchScreen.storyboard */; };
		A9616A2A20633AB8003664AA /* main.m in Sources */ = {isa = PBXBuildFile; fileRef = A9616A2920633AB8003664AA /* main.m */; };
		A9616A3820633D89003664AA /* testViewController.m in Sources */ = {isa = PBXBuildFile; fileRef = A9616A3720633D89003664AA /* testViewController.m */; };
		A9616A3E20633E63003664AA /* FirstViewController.m in Sources */ = {isa = PBXBuildFile; fileRef = A9616A3D20633E63003664AA /* FirstViewController.m */; };
		A9616A4120634050003664AA /* SecondViewController.m in Sources */ = {isa = PBXBuildFile; fileRef = A9616A4020634050003664AA /* SecondViewController.m */; };
		A9616A43206376EE003664AA /* Assets 14-29-30-622.xcassets in Resources */ = {isa = PBXBuildFile; fileRef = A9616A42206376EE003664AA /* Assets 14-29-30-622.xcassets */; };
/* End PBXBuildFile section */

/* Begin PBXFileReference section */
		A9616A1720633AB8003664AA /* miyashita-2.1.15.app */ = {isa = PBXFileReference; explicitFileType = wrapper.application; includeInIndex = 0; path = "miyashita-2.1.15.app"; sourceTree = BUILT_PRODUCTS_DIR; };
		A9616A1A20633AB8003664AA /* AppDelegate.h */ = {isa = PBXFileReference; lastKnownFileType = sourcecode.c.h; path = AppDelegate.h; sourceTree = "<group>"; };
		A9616A1B20633AB8003664AA /* AppDelegate.m */ = {isa = PBXFileReference; lastKnownFileType = sourcecode.c.objc; path = AppDelegate.m; sourceTree = "<group>"; };
		A9616A2120633AB8003664AA /* Base */ = {isa = PBXFileReference; lastKnownFileType = file.storyboard; name = Base; path = Base.lproj/Main.storyboard; sourceTree = "<group>"; };
		A9616A2620633AB8003664AA /* Base */ = {isa = PBXFileReference; lastKnownFileType = file.storyboard; name = Base; path = Base.lproj/LaunchScreen.storyboard; sourceTree = "<group>"; };
		A9616A2820633AB8003664AA /* Info.plist */ = {isa = PBXFileReference; lastKnownFileType = text.plist.xml; path = Info.plist; sourceTree = "<group>"; };
		A9616A2920633AB8003664AA /* main.m */ = {isa = PBXFileReference; lastKnownFileType = sourcecode.c.objc; path = main.m; sourceTree = "<group>"; };
		A9616A3620633D89003664AA /* testViewController.h */ = {isa = PBXFileReference; lastKnownFileType = sourcecode.c.h; path = testViewController.h; sourceTree = "<group>"; };
		A9616A3720633D89003664AA /* testViewController.m */ = {isa = PBXFileReference; lastKnownFileType = sourcecode.c.objc; path = testViewController.m; sourceTree = "<group>"; };
		A9616A3C20633E63003664AA /* FirstViewController.h */ = {isa = PBXFileReference; lastKnownFileType = sourcecode.c.h; path = FirstViewController.h; sourceTree = "<group>"; };
		A9616A3D20633E63003664AA /* FirstViewController.m */ = {isa = PBXFileReference; lastKnownFileType = sourcecode.c.objc; path = FirstViewController.m; sourceTree = "<group>"; };
		A9616A3F20634050003664AA /* SecondViewController.h */ = {isa = PBXFileReference; lastKnownFileType = sourcecode.c.h; path = SecondViewController.h; sourceTree = "<group>"; };
		A9616A4020634050003664AA /* SecondViewController.m */ = {isa = PBXFileReference; lastKnownFileType = sourcecode.c.objc; path = SecondViewController.m; sourceTree = "<group>"; };
		A9616A42206376EE003664AA /* Assets 14-29-30-622.xcassets */ = {isa = PBXFileReference; lastKnownFileType = folder.assetcatalog; name = "Assets 14-29-30-622.xcassets"; path = "../../../.Trash/Assets 14-29-30-622.xcassets"; sourceTree = "<group>"; };
/* End PBXFileReference section */

/* Begin PBXFrameworksBuildPhase section */
		A9616A1420633AB8003664AA /* Frameworks */ = {
			isa = PBXFrameworksBuildPhase;
			buildActionMask = 2147483647;
			files = (
			);
			runOnlyForDeploymentPostprocessing = 0;
		};
/* End PBXFrameworksBuildPhase section */

/* Begin PBXGroup section */
		A9616A0E20633AB8003664AA = {
			isa = PBXGroup;
			children = (
				A9616A1920633AB8003664AA /* miyashita-2.1.15 */,
				A9616A1820633AB8003664AA /* Products */,
			);
			sourceTree = "<group>";
		};
		A9616A1820633AB8003664AA /* Products */ = {
			isa = PBXGroup;
			children = (
				A9616A1720633AB8003664AA /* miyashita-2.1.15.app */,
			);
			name = Products;
			sourceTree = "<group>";
		};
		A9616A1920633AB8003664AA /* miyashita-2.1.15 */ = {
			isa = PBXGroup;
			children = (
				A9616A1A20633AB8003664AA /* AppDelegate.h */,
				A9616A1B20633AB8003664AA /* AppDelegate.m */,
				A9616A3620633D89003664AA /* testViewController.h */,
				A9616A3720633D89003664AA /* testViewController.m */,
				A9616A3C20633E63003664AA /* FirstViewController.h */,
				A9616A3D20633E63003664AA /* FirstViewController.m */,
				A9616A3F20634050003664AA /* SecondViewController.h */,
				A9616A4020634050003664AA /* SecondViewController.m */,
				A9616A42206376EE003664AA /* Assets 14-29-30-622.xcassets */,
				A9616A2020633AB8003664AA /* Main.storyboard */,
				A9616A2520633AB8003664AA /* LaunchScreen.storyboard */,
				A9616A2820633AB8003664AA /* Info.plist */,
				A9616A2920633AB8003664AA /* main.m */,
			);
			path = "miyashita-2.1.15";
			sourceTree = "<group>";
		};
/* End PBXGroup section */

/* Begin PBXNativeTarget section */
		A9616A1620633AB8003664AA /* miyashita-2.1.15 */ = {
			isa = PBXNativeTarget;
			buildConfigurationList = A9616A2D20633AB8003664AA /* Build configuration list for PBXNativeTarget "miyashita-2.1.15" */;
			buildPhases = (
				A9616A1320633AB8003664AA /* Sources */,
				A9616A1420633AB8003664AA /* Frameworks */,
				A9616A1520633AB8003664AA /* Resources */,
			);
			buildRules = (
			);
			dependencies = (
			);
			name = "miyashita-2.1.15";
			productName = "miyashita-2.1.15";
			productReference = A9616A1720633AB8003664AA /* miyashita-2.1.15.app */;
			productType = "com.apple.product-type.application";
		};
/* End PBXNativeTarget section */

/* Begin PBXProject section */
		A9616A0F20633AB8003664AA /* Project object */ = {
			isa = PBXProject;
			attributes = {
				LastUpgradeCheck = 0920;
				ORGANIZATIONNAME = Ryosuke_Miyashita;
				TargetAttributes = {
					A9616A1620633AB8003664AA = {
						CreatedOnToolsVersion = 9.2;
						ProvisioningStyle = Automatic;
					};
				};
			};
			buildConfigurationList = A9616A1220633AB8003664AA /* Build configuration list for PBXProject "miyashita-2.1.15" */;
			compatibilityVersion = "Xcode 8.0";
			developmentRegion = en;
			hasScannedForEncodings = 0;
			knownRegions = (
				en,
				Base,
			);
			mainGroup = A9616A0E20633AB8003664AA;
			productRefGroup = A9616A1820633AB8003664AA /* Products */;
			projectDirPath = "";
			projectRoot = "";
			targets = (
				A9616A1620633AB8003664AA /* miyashita-2.1.15 */,
			);
		};
/* End PBXProject section */

/* Begin PBXResourcesBuildPhase section */
		A9616A1520633AB8003664AA /* Resources */ = {
			isa = PBXResourcesBuildPhase;
			buildActionMask = 2147483647;
			files = (
				A9616A43206376EE003664AA /* Assets 14-29-30-622.xcassets in Resources */,
				A9616A2720633AB8003664AA /* LaunchScreen.storyboard in Resources */,
				A9616A2220633AB8003664AA /* Main.storyboard in Resources */,
			);
			runOnlyForDeploymentPostprocessing = 0;
		};
/* End PBXResourcesBuildPhase section */

/* Begin PBXSourcesBuildPhase section */
		A9616A1320633AB8003664AA /* Sources */ = {
			isa = PBXSourcesBuildPhase;
			buildActionMask = 2147483647;
			files = (
				A9616A4120634050003664AA /* SecondViewController.m in Sources */,
				A9616A3820633D89003664AA /* testViewController.m in Sources */,
				A9616A2A20633AB8003664AA /* main.m in Sources */,
				A9616A1C20633AB8003664AA /* AppDelegate.m in Sources */,
				A9616A3E20633E63003664AA /* FirstViewController.m in Sources */,
			);
			runOnlyForDeploymentPostprocessing = 0;
		};
/* End PBXSourcesBuildPhase section */

/* Begin PBXVariantGroup section */
		A9616A2020633AB8003664AA /* Main.storyboard */ = {
			isa = PBXVariantGroup;
			children = (
				A9616A2120633AB8003664AA /* Base */,
			);
			name = Main.storyboard;
			sourceTree = "<group>";
		};
		A9616A2520633AB8003664AA /* LaunchScreen.storyboard */ = {
			isa = PBXVariantGroup;
			children = (
				A9616A2620633AB8003664AA /* Base */,
			);
			name = LaunchScreen.storyboard;
			sourceTree = "<group>";
		};
/* End PBXVariantGroup section */

/* Begin XCBuildConfiguration section */
		A9616A2B20633AB8003664AA /* Debug */ = {
			isa = XCBuildConfiguration;
			buildSettings = {
				ALWAYS_SEARCH_USER_PATHS = NO;
				CLANG_ANALYZER_NONNULL = YES;
				CLANG_ANALYZER_NUMBER_OBJECT_CONVERSION = YES_AGGRESSIVE;
				CLANG_CXX_LANGUAGE_STANDARD = "gnu++14";
				CLANG_CXX_LIBRARY = "libc++";
				CLANG_ENABLE_MODULES = YES;
				CLANG_ENABLE_OBJC_ARC = YES;
				CLANG_WARN_BLOCK_CAPTURE_AUTORELEASING = YES;
				CLANG_WARN_BOOL_CONVERSION = YES;
				CLANG_WARN_COMMA = YES;
				CLANG_WARN_CONSTANT_CONVERSION = YES;
				CLANG_WARN_DIRECT_OBJC_ISA_USAGE = YES_ERROR;
				CLANG_WARN_DOCUMENTATION_COMMENTS = YES;
				CLANG_WARN_EMPTY_BODY = YES;
				CLANG_WARN_ENUM_CONVERSION = YES;
				CLANG_WARN_INFINITE_RECURSION = YES;
				CLANG_WARN_INT_CONVERSION = YES;
				CLANG_WARN_NON_LITERAL_NULL_CONVERSION = YES;
				CLANG_WARN_OBJC_LITERAL_CONVERSION = YES;
				CLANG_WARN_OBJC_ROOT_CLASS = YES_ERROR;
				CLANG_WARN_RANGE_LOOP_ANALYSIS = YES;
				CLANG_WARN_STRICT_PROTOTYPES = YES;
				CLANG_WARN_SUSPICIOUS_MOVE = YES;
				CLANG_WARN_UNGUARDED_AVAILABILITY = YES_AGGRESSIVE;
				CLANG_WARN_UNREACHABLE_CODE = YES;
				CLANG_WARN__DUPLICATE_METHOD_MATCH = YES;
				CODE_SIGN_IDENTITY = "iPhone Developer";
				COPY_PHASE_STRIP = NO;
				DEBUG_INFORMATION_FORMAT = dwarf;
				ENABLE_STRICT_OBJC_MSGSEND = YES;
				ENABLE_TESTABILITY = YES;
				GCC_C_LANGUAGE_STANDARD = gnu11;
				GCC_DYNAMIC_NO_PIC = NO;
				GCC_NO_COMMON_BLOCKS = YES;
				GCC_OPTIMIZATION_LEVEL = 0;
				GCC_PREPROCESSOR_DEFINITIONS = (
					"DEBUG=1",
					"$(inherited)",
				);
				GCC_WARN_64_TO_32_BIT_CONVERSION = YES;
				GCC_WARN_ABOUT_RETURN_TYPE = YES_ERROR;
				GCC_WARN_UNDECLARED_SELECTOR = YES;
				GCC_WARN_UNINITIALIZED_AUTOS = YES_AGGRESSIVE;
				GCC_WARN_UNUSED_FUNCTION = YES;
				GCC_WARN_UNUSED_VARIABLE = YES;
				IPHONEOS_DEPLOYMENT_TARGET = 11.2;
				MTL_ENABLE_DEBUG_INFO = YES;
				ONLY_ACTIVE_ARCH = YES;
				SDKROOT = iphoneos;
			};
			name = Debug;
		};
		A9616A2C20633AB8003664AA /* Release */ = {
			isa = XCBuildConfiguration;
			buildSettings = {
				ALWAYS_SEARCH_USER_PATHS = NO;
				CLANG_ANALYZER_NONNULL = YES;
				CLANG_ANALYZER_NUMBER_OBJECT_CONVERSION = YES_AGGRESSIVE;
				CLANG_CXX_LANGUAGE_STANDARD = "gnu++14";
				CLANG_CXX_LIBRARY = "libc++";
				CLANG_ENABLE_MODULES = YES;
				CLANG_ENABLE_OBJC_ARC = YES;
				CLANG_WARN_BLOCK_CAPTURE_AUTORELEASING = YES;
				CLANG_WARN_BOOL_CONVERSION = YES;
				CLANG_WARN_COMMA = YES;
				CLANG_WARN_CONSTANT_CONVERSION = YES;
				CLANG_WARN_DIRECT_OBJC_ISA_USAGE = YES_ERROR;
				CLANG_WARN_DOCUMENTATION_COMMENTS = YES;
				CLANG_WARN_EMPTY_BODY = YES;
				CLANG_WARN_ENUM_CONVERSION = YES;
				CLANG_WARN_INFINITE_RECURSION = YES;
				CLANG_WARN_INT_CONVERSION = YES;
				CLANG_WARN_NON_LITERAL_NULL_CONVERSION = YES;
				CLANG_WARN_OBJC_LITERAL_CONVERSION = YES;
				CLANG_WARN_OBJC_ROOT_CLASS = YES_ERROR;
				CLANG_WARN_RANGE_LOOP_ANALYSIS = YES;
				CLANG_WARN_STRICT_PROTOTYPES = YES;
				CLANG_WARN_SUSPICIOUS_MOVE = YES;
				CLANG_WARN_UNGUARDED_AVAILABILITY = YES_AGGRESSIVE;
				CLANG_WARN_UNREACHABLE_CODE = YES;
				CLANG_WARN__DUPLICATE_METHOD_MATCH = YES;
				CODE_SIGN_IDENTITY = "iPhone Developer";
				COPY_PHASE_STRIP = NO;
				DEBUG_INFORMATION_FORMAT = "dwarf-with-dsym";
				ENABLE_NS_ASSERTIONS = NO;
				ENABLE_STRICT_OBJC_MSGSEND = YES;
				GCC_C_LANGUAGE_STANDARD = gnu11;
				GCC_NO_COMMON_BLOCKS = YES;
				GCC_WARN_64_TO_32_BIT_CONVERSION = YES;
				GCC_WARN_ABOUT_RETURN_TYPE = YES_ERROR;
				GCC_WARN_UNDECLARED_SELECTOR = YES;
				GCC_WARN_UNINITIALIZED_AUTOS = YES_AGGRESSIVE;
				GCC_WARN_UNUSED_FUNCTION = YES;
				GCC_WARN_UNUSED_VARIABLE = YES;
				IPHONEOS_DEPLOYMENT_TARGET = 11.2;
				MTL_ENABLE_DEBUG_INFO = NO;
				SDKROOT = iphoneos;
				VALIDATE_PRODUCT = YES;
			};
			name = Release;
		};
		A9616A2E20633AB8003664AA /* Debug */ = {
			isa = XCBuildConfiguration;
			buildSettings = {
				ASSETCATALOG_COMPILER_APPICON_NAME = AppIcon;
				CODE_SIGN_STYLE = Automatic;
				INFOPLIST_FILE = "miyashita-2.1.15/Info.plist";
				LD_RUNPATH_SEARCH_PATHS = "$(inherited) @executable_path/Frameworks";
				PRODUCT_BUNDLE_IDENTIFIER = "com.miyashita.miyashita-2-1-15";
				PRODUCT_NAME = "$(TARGET_NAME)";
				TARGETED_DEVICE_FAMILY = "1,2";
			};
			name = Debug;
		};
		A9616A2F20633AB8003664AA /* Release */ = {
			isa = XCBuildConfiguration;
			buildSettings = {
				ASSETCATALOG_COMPILER_APPICON_NAME = AppIcon;
				CODE_SIGN_STYLE = Automatic;
				INFOPLIST_FILE = "miyashita-2.1.15/Info.plist";
				LD_RUNPATH_SEARCH_PATHS = "$(inherited) @executable_path/Frameworks";
				PRODUCT_BUNDLE_IDENTIFIER = "com.miyashita.miyashita-2-1-15";
				PRODUCT_NAME = "$(TARGET_NAME)";
				TARGETED_DEVICE_FAMILY = "1,2";
			};
			name = Release;
		};
/* End XCBuildConfiguration section */

/* Begin XCConfigurationList section */
		A9616A1220633AB8003664AA /* Build configuration list for PBXProject "miyashita-2.1.15" */ = {
			isa = XCConfigurationList;
			buildConfigurations = (
				A9616A2B20633AB8003664AA /* Debug */,
				A9616A2C20633AB8003664AA /* Release */,
			);
			defaultConfigurationIsVisible = 0;
			defaultConfigurationName = Release;
		};
		A9616A2D20633AB8003664AA /* Build configuration list for PBXNativeTarget "miyashita-2.1.15" */ = {
			isa = XCConfigurationList;
			buildConfigurations = (
				A9616A2E20633AB8003664AA /* Debug */,
				A9616A2F20633AB8003664AA /* Release */,
			);
			defaultConfigurationIsVisible = 0;
			defaultConfigurationName = Release;
		};
/* End XCConfigurationList section */
	};
	rootObject = A9616A0F20633AB8003664AA /* Project object */;
}
